PODS:
  - FLAnimatedImage (1.0.12)
  - Nuke (7.5.2)
  - Nuke-FLAnimatedImage-Plugin (6.0):
    - FLAnimatedImage (~> 1.0)
    - Nuke (~> 7.5)

DEPENDENCIES:
  - Nuke (~> 7.5.1)
  - Nuke-FLAnimatedImage-Plugin

SPEC REPOS:
  https://github.com/cocoapods/specs.git:
    - FLAnimatedImage
    - Nuke
    - Nuke-FLAnimatedImage-Plugin

SPEC CHECKSUMS:
  FLAnimatedImage: 4a0b56255d9b05f18b6dd7ee06871be5d3b89e31
  Nuke: 0350d346a688426e8f2331253ef28dc2fc4f6178
  Nuke-FLAnimatedImage-Plugin: e4c39d13061a08ac0bdcb0cd7a23882f4a43f4a6

PODFILE CHECKSUM: ed7b3cfd9f5749bd68900ec844f7eda1358b0479

COCOAPODS: 1.6.0.beta.2
